
Microsoft Visual Studio Solution File, Format Version 12.00
# Visual Studio Version 17
VisualStudioVersion = 17.12.35527.113 d17.12
MinimumVisualStudioVersion = 10.0.40219.1
Project("{FAE04EC0-301F-11D3-BF4B-00C04F79EFBC}") = "Kodify.Extensions", "Kodify.Extensions.csproj", "{D4C1BC0E-9608-4147-AB5E-D66B4940DED4}"
EndProject
Global
	GlobalSection(SolutionConfigurationPlatforms) = preSolution
		Debug|Any CPU = Debug|Any CPU
		Release|Any CPU = Release|Any CPU
	EndGlobalSection
	GlobalSection(ProjectConfigurationPlatforms) = postSolution
		{D4C1BC0E-9608-4147-AB5E-D66B4940DED4}.Debug|Any CPU.ActiveCfg = Debug|Any CPU
		{D4C1BC0E-9608-4147-AB5E-D66B4940DED4}.Debug|Any CPU.Build.0 = Debug|Any CPU
		{D4C1BC0E-9608-4147-AB5E-D66B4940DED4}.Release|Any CPU.ActiveCfg = Release|Any CPU
		{D4C1BC0E-9608-4147-AB5E-D66B4940DED4}.Release|Any CPU.Build.0 = Release|Any CPU
		{D7DC72B8-46D4-436E-8137-D4C63E8EB997}.Debug|Any CPU.ActiveCfg = Debug|Any CPU
		{D7DC72B8-46D4-436E-8137-D4C63E8EB997}.Debug|Any CPU.Build.0 = Debug|Any CPU
		{D7DC72B8-46D4-436E-8137-D4C63E8EB997}.Release|Any CPU.ActiveCfg = Release|Any CPU
		{D7DC72B8-46D4-436E-8137-D4C63E8EB997}.Release|Any CPU.Build.0 = Release|Any CPU
	EndGlobalSection
	GlobalSection(SolutionProperties) = preSolution
		HideSolutionNode = FALSE
	EndGlobalSection
EndGlobal
